Microsoft Visual Studio Solution File, Format Version 8.00
Project("{FAE04EC0-301F-11D3-BF4B-00C04F79EFBC}") = "Crecimiento", "Crecimiento.csproj", "{4F888C42-DF73-4773-B8AA-4D6CC30C05F3}"
	ProjectSection(ProjectDependencies) = postProject
	EndProjectSection
EndProject
Global
	GlobalSection(SolutionConfiguration) = preSolution
		Debug = Debug
		Release = Release
	EndGlobalSection
	GlobalSection(ProjectConfiguration) = postSolution
		{4F888C42-DF73-4773-B8AA-4D6CC30C05F3}.Debug.ActiveCfg = Debug|.NET
		{4F888C42-DF73-4773-B8AA-4D6CC30C05F3}.Debug.Build.0 = Debug|.NET
		{4F888C42-DF73-4773-B8AA-4D6CC30C05F3}.Release.ActiveCfg = Release|.NET
		{4F888C42-DF73-4773-B8AA-4D6CC30C05F3}.Release.Build.0 = Release|.NET
	EndGlobalSection
	GlobalSection(ExtensibilityGlobals) = postSolution
	EndGlobalSection
	GlobalSection(ExtensibilityAddIns) = postSolution
	EndGlobalSection
EndGlobal
